
Microsoft Visual Studio Solution File, Format Version 12.00
# Visual Studio Version 17
VisualStudioVersion = 17.7.34221.43
MinimumVisualStudioVersion = 10.0.40219.1
Project("{FAE04EC0-301F-11D3-BF4B-00C04F79EFBC}") = "RainbowSchoolMVC", "RainbowSchoolMVC\RainbowSchoolMVC.csproj", "{C04DC60C-9DE9-4956-94D3-90852CA0E851}"
EndProject
Global
	GlobalSection(SolutionConfigurationPlatforms) = preSolution
		Debug|Any CPU = Debug|Any CPU
		Release|Any CPU = Release|Any CPU
	EndGlobalSection
	GlobalSection(ProjectConfigurationPlatforms) = postSolution
		{C04DC60C-9DE9-4956-94D3-90852CA0E851}.Debug|Any CPU.ActiveCfg = Debug|Any CPU
		{C04DC60C-9DE9-4956-94D3-90852CA0E851}.Debug|Any CPU.Build.0 = Debug|Any CPU
		{C04DC60C-9DE9-4956-94D3-90852CA0E851}.Release|Any CPU.ActiveCfg = Release|Any CPU
		{C04DC60C-9DE9-4956-94D3-90852CA0E851}.Release|Any CPU.Build.0 = Release|Any CPU
	EndGlobalSection
	GlobalSection(SolutionProperties) = preSolution
		HideSolutionNode = FALSE
	EndGlobalSection
	GlobalSection(ExtensibilityGlobals) = postSolution
		SolutionGuid = {5AAE0DDD-36CC-4450-9B5D-A6C5E5B73C58}
	EndGlobalSection
EndGlobal
